
Microsoft Visual Studio Solution File, Format Version 12.00
Project("{FAE04EC0-301F-11D3-BF4B-00C04F79EFBC}") = "Subsolute", "Subsolute\Subsolute.csproj", "{77544413-C980-405E-9D04-D3183C726440}"
EndProject
Project("{FAE04EC0-301F-11D3-BF4B-00C04F79EFBC}") = "Subsolute.Test", "Subsolute.Test\Subsolute.Test.csproj", "{BA2133BE-6069-4EAC-A29A-81D4749D60BE}"
EndProject
Project("{FAE04EC0-301F-11D3-BF4B-00C04F79EFBC}") = "SampleProjectWithoutDependencies", "SampleProjectWithoutDependencies\SampleProjectWithoutDependencies.csproj", "{AD173AFB-6C08-408B-B0CA-D10F434A81B3}"
EndProject
Project("{2150E333-8FDC-42A3-9474-1A3956D46DE8}") = "SampleProjects", "SampleProjects", "{F72C85B5-B20A-4280-A8DD-53F7ABF9F102}"
EndProject
Project("{FAE04EC0-301F-11D3-BF4B-00C04F79EFBC}") = "SampleRootApp", "SampleRootApp\SampleRootApp.csproj", "{E0459671-D97B-4AED-BFDB-E4564A5E260B}"
EndProject
Project("{FAE04EC0-301F-11D3-BF4B-00C04F79EFBC}") = "SampleRootAppDep1Level1", "SampleRootAppDep1Level1\SampleRootAppDep1Level1.csproj", "{4C0D7E20-0567-461F-8558-60E37C65CA05}"
EndProject
Project("{FAE04EC0-301F-11D3-BF4B-00C04F79EFBC}") = "SampleRootAppDep2Level2", "SampleRootAppDep2Level2\SampleRootAppDep2Level2.csproj", "{DE805B6F-EF19-40E8-8C81-BDC27E80FC1C}"
EndProject
Project("{FAE04EC0-301F-11D3-BF4B-00C04F79EFBC}") = "SampleRootAppDep2Level1", "SampleRootAppDep2Level1\SampleRootAppDep2Level1.csproj", "{F1302A6E-2D99-4FE3-BD19-E09900CB2683}"
EndProject
Global
	GlobalSection(SolutionConfigurationPlatforms) = preSolution
		Debug|Any CPU = Debug|Any CPU
		Release|Any CPU = Release|Any CPU
	EndGlobalSection
	GlobalSection(ProjectConfigurationPlatforms) = postSolution
		{77544413-C980-405E-9D04-D3183C726440}.Debug|Any CPU.ActiveCfg = Debug|Any CPU
		{77544413-C980-405E-9D04-D3183C726440}.Debug|Any CPU.Build.0 = Debug|Any CPU
		{77544413-C980-405E-9D04-D3183C726440}.Release|Any CPU.ActiveCfg = Release|Any CPU
		{77544413-C980-405E-9D04-D3183C726440}.Release|Any CPU.Build.0 = Release|Any CPU
		{BA2133BE-6069-4EAC-A29A-81D4749D60BE}.Debug|Any CPU.ActiveCfg = Debug|Any CPU
		{BA2133BE-6069-4EAC-A29A-81D4749D60BE}.Debug|Any CPU.Build.0 = Debug|Any CPU
		{BA2133BE-6069-4EAC-A29A-81D4749D60BE}.Release|Any CPU.ActiveCfg = Release|Any CPU
		{BA2133BE-6069-4EAC-A29A-81D4749D60BE}.Release|Any CPU.Build.0 = Release|Any CPU
		{AD173AFB-6C08-408B-B0CA-D10F434A81B3}.Debug|Any CPU.ActiveCfg = Debug|Any CPU
		{AD173AFB-6C08-408B-B0CA-D10F434A81B3}.Debug|Any CPU.Build.0 = Debug|Any CPU
		{AD173AFB-6C08-408B-B0CA-D10F434A81B3}.Release|Any CPU.ActiveCfg = Release|Any CPU
		{AD173AFB-6C08-408B-B0CA-D10F434A81B3}.Release|Any CPU.Build.0 = Release|Any CPU
		{E0459671-D97B-4AED-BFDB-E4564A5E260B}.Debug|Any CPU.ActiveCfg = Debug|Any CPU
		{E0459671-D97B-4AED-BFDB-E4564A5E260B}.Debug|Any CPU.Build.0 = Debug|Any CPU
		{E0459671-D97B-4AED-BFDB-E4564A5E260B}.Release|Any CPU.ActiveCfg = Release|Any CPU
		{E0459671-D97B-4AED-BFDB-E4564A5E260B}.Release|Any CPU.Build.0 = Release|Any CPU
		{4C0D7E20-0567-461F-8558-60E37C65CA05}.Debug|Any CPU.ActiveCfg = Debug|Any CPU
		{4C0D7E20-0567-461F-8558-60E37C65CA05}.Debug|Any CPU.Build.0 = Debug|Any CPU
		{4C0D7E20-0567-461F-8558-60E37C65CA05}.Release|Any CPU.ActiveCfg = Release|Any CPU
		{4C0D7E20-0567-461F-8558-60E37C65CA05}.Release|Any CPU.Build.0 = Release|Any CPU
		{DE805B6F-EF19-40E8-8C81-BDC27E80FC1C}.Debug|Any CPU.ActiveCfg = Debug|Any CPU
		{DE805B6F-EF19-40E8-8C81-BDC27E80FC1C}.Debug|Any CPU.Build.0 = Debug|Any CPU
		{DE805B6F-EF19-40E8-8C81-BDC27E80FC1C}.Release|Any CPU.ActiveCfg = Release|Any CPU
		{DE805B6F-EF19-40E8-8C81-BDC27E80FC1C}.Release|Any CPU.Build.0 = Release|Any CPU
		{F1302A6E-2D99-4FE3-BD19-E09900CB2683}.Debug|Any CPU.ActiveCfg = Debug|Any CPU
		{F1302A6E-2D99-4FE3-BD19-E09900CB2683}.Debug|Any CPU.Build.0 = Debug|Any CPU
		{F1302A6E-2D99-4FE3-BD19-E09900CB2683}.Release|Any CPU.ActiveCfg = Release|Any CPU
		{F1302A6E-2D99-4FE3-BD19-E09900CB2683}.Release|Any CPU.Build.0 = Release|Any CPU
	EndGlobalSection
	GlobalSection(NestedProjects) = preSolution
		{AD173AFB-6C08-408B-B0CA-D10F434A81B3} = {F72C85B5-B20A-4280-A8DD-53F7ABF9F102}
		{E0459671-D97B-4AED-BFDB-E4564A5E260B} = {F72C85B5-B20A-4280-A8DD-53F7ABF9F102}
		{4C0D7E20-0567-461F-8558-60E37C65CA05} = {F72C85B5-B20A-4280-A8DD-53F7ABF9F102}
		{DE805B6F-EF19-40E8-8C81-BDC27E80FC1C} = {F72C85B5-B20A-4280-A8DD-53F7ABF9F102}
		{F1302A6E-2D99-4FE3-BD19-E09900CB2683} = {F72C85B5-B20A-4280-A8DD-53F7ABF9F102}
	EndGlobalSection
EndGlobal
